
Microsoft Visual Studio Solution File, Format Version 12.00
# Visual Studio Version 16
VisualStudioVersion = 16.0.34114.132
MinimumVisualStudioVersion = 10.0.40219.1
Project("{FAE04EC0-301F-11D3-BF4B-00C04F79EFBC}") = "EngineSimulation", "EngineSimulation\EngineSimulation.csproj", "{F2EE29C4-3E3B-4583-8EC5-41E8DDD83104}"
EndProject
Global
	GlobalSection(SolutionConfigurationPlatforms) = preSolution
		Debug|Any CPU = Debug|Any CPU
		Release|Any CPU = Release|Any CPU
	EndGlobalSection
	GlobalSection(ProjectConfigurationPlatforms) = postSolution
		{F2EE29C4-3E3B-4583-8EC5-41E8DDD83104}.Debug|Any CPU.ActiveCfg = Debug|Any CPU
		{F2EE29C4-3E3B-4583-8EC5-41E8DDD83104}.Debug|Any CPU.Build.0 = Debug|Any CPU
		{F2EE29C4-3E3B-4583-8EC5-41E8DDD83104}.Release|Any CPU.ActiveCfg = Release|Any CPU
		{F2EE29C4-3E3B-4583-8EC5-41E8DDD83104}.Release|Any CPU.Build.0 = Release|Any CPU
	EndGlobalSection
	GlobalSection(SolutionProperties) = preSolution
		HideSolutionNode = FALSE
	EndGlobalSection
	GlobalSection(ExtensibilityGlobals) = postSolution
		SolutionGuid = {A0A72874-45C8-4ADC-AC40-D83EEAC5E908}
	EndGlobalSection
EndGlobal
